
Microsoft Visual Studio Solution File, Format Version 12.00
# Visual Studio Version 17
VisualStudioVersion = 17.14.36603.0 d17.14
MinimumVisualStudioVersion = 10.0.40219.1
Project("{FAE04EC0-301F-11D3-BF4B-00C04F79EFBC}") = "Practica 9", "Practica 9\Practica 9.csproj", "{13138ECB-82D0-46B3-9DA6-5ECFE16744AB}"
EndProject
Global
	GlobalSection(SolutionConfigurationPlatforms) = preSolution
		Debug|Any CPU = Debug|Any CPU
		Release|Any CPU = Release|Any CPU
	EndGlobalSection
	GlobalSection(ProjectConfigurationPlatforms) = postSolution
		{13138ECB-82D0-46B3-9DA6-5ECFE16744AB}.Debug|Any CPU.ActiveCfg = Debug|Any CPU
		{13138ECB-82D0-46B3-9DA6-5ECFE16744AB}.Debug|Any CPU.Build.0 = Debug|Any CPU
		{13138ECB-82D0-46B3-9DA6-5ECFE16744AB}.Release|Any CPU.ActiveCfg = Release|Any CPU
		{13138ECB-82D0-46B3-9DA6-5ECFE16744AB}.Release|Any CPU.Build.0 = Release|Any CPU
	EndGlobalSection
	GlobalSection(SolutionProperties) = preSolution
		HideSolutionNode = FALSE
	EndGlobalSection
	GlobalSection(ExtensibilityGlobals) = postSolution
		SolutionGuid = {13AEBAEF-E48A-4120-876C-964BB36B18BA}
	EndGlobalSection
EndGlobal
