
Microsoft Visual Studio Solution File, Format Version 12.00
# Visual Studio Version 17
VisualStudioVersion = 17.14.36603.0 d17.14
MinimumVisualStudioVersion = 10.0.40219.1
Project("{FAE04EC0-301F-11D3-BF4B-00C04F79EFBC}") = "Practica 11", "Practica 11\Practica 11.csproj", "{1E00118F-D29C-4F71-A10E-A3AAF92A9263}"
EndProject
Global
	GlobalSection(SolutionConfigurationPlatforms) = preSolution
		Debug|Any CPU = Debug|Any CPU
		Release|Any CPU = Release|Any CPU
	EndGlobalSection
	GlobalSection(ProjectConfigurationPlatforms) = postSolution
		{1E00118F-D29C-4F71-A10E-A3AAF92A9263}.Debug|Any CPU.ActiveCfg = Debug|Any CPU
		{1E00118F-D29C-4F71-A10E-A3AAF92A9263}.Debug|Any CPU.Build.0 = Debug|Any CPU
		{1E00118F-D29C-4F71-A10E-A3AAF92A9263}.Release|Any CPU.ActiveCfg = Release|Any CPU
		{1E00118F-D29C-4F71-A10E-A3AAF92A9263}.Release|Any CPU.Build.0 = Release|Any CPU
	EndGlobalSection
	GlobalSection(SolutionProperties) = preSolution
		HideSolutionNode = FALSE
	EndGlobalSection
	GlobalSection(ExtensibilityGlobals) = postSolution
		SolutionGuid = {4CC605B5-57A1-433A-B53A-5B7011365D89}
	EndGlobalSection
EndGlobal
